{
    "_readme": [
        "This file locks the dependencies of your project to a known state",
        "Read more about it at https://getcomposer.org/doc/01-basic-usage.md#installing-dependencies",
        "This file is @generated automatically"
    ],
    "content-hash": "f533d61c013b163362fa4f9afe1417a7",
    "packages": [
        {
            "name": "jessemkv/projeto-cep",
            "version": "dev-main",
            "source": {
                "type": "git",
                "url": "https://github.com/jessemp3/BuscadorDeCep.git",
                "reference": "822179de98ddf3ccd59af107e4e1eea754d153ab"
            },
            "dist": {
                "type": "zip",
                "url": "https://api.github.com/repos/jessemp3/BuscadorDeCep/zipball/822179de98ddf3ccd59af107e4e1eea754d153ab",
                "reference": "822179de98ddf3ccd59af107e4e1eea754d153ab",
                "shasum": ""
            },
            "require": {
                "php": ">=7.2.0"
            },
            "default-branch": true,
            "type": "library",
            "autoload": {
                "psr-0": {
                    "Search": "src/"
                },
                "psr-4": {
                    "Wead\\DigitalCep\\": "src/"
                }
            },
            "notification-url": "https://packagist.org/downloads/",
            "license": [
                "MIT"
            ],
            "authors": [
                {
                    "name": "jessemkv",
                    "email": "nitchsx@gmail.com"
                }
            ],
            "description": "busca de cep online",
            "support": {
                "issues": "https://github.com/jessemp3/BuscadorDeCep/issues",
                "source": "https://github.com/jessemp3/BuscadorDeCep/tree/main"
            },
            "time": "2024-12-26T14:41:19+00:00"
        }
    ],
    "packages-dev": [],
    "aliases": [],
    "minimum-stability": "dev",
    "stability-flags": [],
    "prefer-stable": true,
    "prefer-lowest": false,
    "platform": [],
    "platform-dev": [],
    "plugin-api-version": "2.6.0"
}
